
Microsoft Visual Studio Solution File, Format Version 11.00
# Visual C# Express 2010
Project("{FAE04EC0-301F-11D3-BF4B-00C04F79EFBC}") = "Data", "70-516\Data.csproj", "{523945FE-E819-41C2-A025-227E4B769CD9}"
EndProject
Global
	GlobalSection(SolutionConfigurationPlatforms) = preSolution
		Debug|Any CPU = Debug|Any CPU
		Release|Any CPU = Release|Any CPU
	EndGlobalSection
	GlobalSection(ProjectConfigurationPlatforms) = postSolution
		{523945FE-E819-41C2-A025-227E4B769CD9}.Debug|Any CPU.ActiveCfg = Debug|Any CPU
		{523945FE-E819-41C2-A025-227E4B769CD9}.Debug|Any CPU.Build.0 = Debug|Any CPU
		{523945FE-E819-41C2-A025-227E4B769CD9}.Release|Any CPU.ActiveCfg = Release|Any CPU
		{523945FE-E819-41C2-A025-227E4B769CD9}.Release|Any CPU.Build.0 = Release|Any CPU
	EndGlobalSection
	GlobalSection(SolutionProperties) = preSolution
		HideSolutionNode = FALSE
	EndGlobalSection
EndGlobal
